
Microsoft Visual Studio Solution File, Format Version 12.00
# Visual Studio Version 17
VisualStudioVersion = 17.2.32526.322
MinimumVisualStudioVersion = 10.0.40219.1
Project("{FAE04EC0-301F-11D3-BF4B-00C04F79EFBC}") = "WindowsFormsApp1", "WindowsFormsApp1\WindowsFormsApp1.csproj", "{DA87E2E9-F7B6-41BD-A517-5E7E3E597AA3}"
EndProject
Global
	GlobalSection(SolutionConfigurationPlatforms) = preSolution
		Debug|Any CPU = Debug|Any CPU
		Release|Any CPU = Release|Any CPU
	EndGlobalSection
	GlobalSection(ProjectConfigurationPlatforms) = postSolution
		{DA87E2E9-F7B6-41BD-A517-5E7E3E597AA3}.Debug|Any CPU.ActiveCfg = Debug|Any CPU
		{DA87E2E9-F7B6-41BD-A517-5E7E3E597AA3}.Debug|Any CPU.Build.0 = Debug|Any CPU
		{DA87E2E9-F7B6-41BD-A517-5E7E3E597AA3}.Release|Any CPU.ActiveCfg = Release|Any CPU
		{DA87E2E9-F7B6-41BD-A517-5E7E3E597AA3}.Release|Any CPU.Build.0 = Release|Any CPU
	EndGlobalSection
	GlobalSection(SolutionProperties) = preSolution
		HideSolutionNode = FALSE
	EndGlobalSection
	GlobalSection(ExtensibilityGlobals) = postSolution
		SolutionGuid = {0302F68B-1C8D-4D18-B51B-82E871056BB4}
	EndGlobalSection
EndGlobal
